
Microsoft Visual Studio Solution File, Format Version 12.00
# Visual Studio Version 17
VisualStudioVersion = 17.5.002.0
MinimumVisualStudioVersion = 10.0.40219.1
Project("{9A19103F-16F7-4668-BE54-9A1E7A4F7556}") = "SaviorIA", "SaviorIA\SaviorIA.csproj", "{B4D5D510-5FE0-40B5-A933-2B66F19CFD7A}"
EndProject
Global
	GlobalSection(SolutionConfigurationPlatforms) = preSolution
		Debug|Any CPU = Debug|Any CPU
		Release|Any CPU = Release|Any CPU
	EndGlobalSection
	GlobalSection(ProjectConfigurationPlatforms) = postSolution
		{B4D5D510-5FE0-40B5-A933-2B66F19CFD7A}.Debug|Any CPU.ActiveCfg = Debug|Any CPU
		{B4D5D510-5FE0-40B5-A933-2B66F19CFD7A}.Debug|Any CPU.Build.0 = Debug|Any CPU
		{B4D5D510-5FE0-40B5-A933-2B66F19CFD7A}.Release|Any CPU.ActiveCfg = Release|Any CPU
		{B4D5D510-5FE0-40B5-A933-2B66F19CFD7A}.Release|Any CPU.Build.0 = Release|Any CPU
	EndGlobalSection
	GlobalSection(SolutionProperties) = preSolution
		HideSolutionNode = FALSE
	EndGlobalSection
	GlobalSection(ExtensibilityGlobals) = postSolution
		SolutionGuid = {646E8226-D9B2-40F0-A660-9B48A34824CC}
	EndGlobalSection
EndGlobal
